
Microsoft Visual Studio Solution File, Format Version 12.00
# Visual Studio 15
VisualStudioVersion = 15.0.27428.2002
MinimumVisualStudioVersion = 10.0.40219.1
Project("{8BC9CEB8-8B4A-11D0-8D11-00A0C91BC942}") = "ConsoleApplication1", "ConsoleApplication1\ConsoleApplication1.vcxproj", "{22F2EFFD-3277-487B-AA65-949D5A517997}"
EndProject
Global
	GlobalSection(SolutionConfigurationPlatforms) = preSolution
		Debug|x64 = Debug|x64
		Debug|x86 = Debug|x86
		Release|x64 = Release|x64
		Release|x86 = Release|x86
	EndGlobalSection
	GlobalSection(ProjectConfigurationPlatforms) = postSolution
		{22F2EFFD-3277-487B-AA65-949D5A517997}.Debug|x64.ActiveCfg = Debug|x64
		{22F2EFFD-3277-487B-AA65-949D5A517997}.Debug|x64.Build.0 = Debug|x64
		{22F2EFFD-3277-487B-AA65-949D5A517997}.Debug|x86.ActiveCfg = Debug|Win32
		{22F2EFFD-3277-487B-AA65-949D5A517997}.Debug|x86.Build.0 = Debug|Win32
		{22F2EFFD-3277-487B-AA65-949D5A517997}.Release|x64.ActiveCfg = Release|x64
		{22F2EFFD-3277-487B-AA65-949D5A517997}.Release|x64.Build.0 = Release|x64
		{22F2EFFD-3277-487B-AA65-949D5A517997}.Release|x86.ActiveCfg = Release|Win32
		{22F2EFFD-3277-487B-AA65-949D5A517997}.Release|x86.Build.0 = Release|Win32
	EndGlobalSection
	GlobalSection(SolutionProperties) = preSolution
		HideSolutionNode = FALSE
	EndGlobalSection
	GlobalSection(ExtensibilityGlobals) = postSolution
		SolutionGuid = {449D936F-D5CB-4A98-A0B4-AB0B9B08DB3D}
	EndGlobalSection
EndGlobal
